
Microsoft Visual Studio Solution File, Format Version 12.00
# Visual Studio Version 16
VisualStudioVersion = 16.0.30428.66
MinimumVisualStudioVersion = 10.0.40219.1
Project("{FAE04EC0-301F-11D3-BF4B-00C04F79EFBC}") = "EdgeBackup", "EdgeBackup\EdgeBackup.csproj", "{DF141DE0-F792-4784-AA14-09FB60CC4ED1}"
EndProject
Global
	GlobalSection(SolutionConfigurationPlatforms) = preSolution
		Debug|Any CPU = Debug|Any CPU
		Release|Any CPU = Release|Any CPU
	EndGlobalSection
	GlobalSection(ProjectConfigurationPlatforms) = postSolution
		{DF141DE0-F792-4784-AA14-09FB60CC4ED1}.Debug|Any CPU.ActiveCfg = Debug|Any CPU
		{DF141DE0-F792-4784-AA14-09FB60CC4ED1}.Debug|Any CPU.Build.0 = Debug|Any CPU
		{DF141DE0-F792-4784-AA14-09FB60CC4ED1}.Release|Any CPU.ActiveCfg = Release|Any CPU
		{DF141DE0-F792-4784-AA14-09FB60CC4ED1}.Release|Any CPU.Build.0 = Release|Any CPU
	EndGlobalSection
	GlobalSection(SolutionProperties) = preSolution
		HideSolutionNode = FALSE
	EndGlobalSection
	GlobalSection(ExtensibilityGlobals) = postSolution
		SolutionGuid = {9456150C-2B6B-486B-9549-946DD5143175}
	EndGlobalSection
EndGlobal
